
Microsoft Visual Studio Solution File, Format Version 11.00
# Visual C# Express 2010
Project("{FAE04EC0-301F-11D3-BF4B-00C04F79EFBC}") = "base-BDA", "base-BDA.csproj", "{364AC3F4-8182-456D-B754-59C83B0AC353}"
EndProject
Project("{FAE04EC0-301F-11D3-BF4B-00C04F79EFBC}") = "LANDIS-II Debug Console", "..\..\..\..\Debug_Console\LANDIS-II Debug Console.csproj", "{742214C0-CBC9-4E06-8205-297A3EAE61B8}"
EndProject
Global
	GlobalSection(SolutionConfigurationPlatforms) = preSolution
		Debug|Any CPU = Debug|Any CPU
		Release|Any CPU = Release|Any CPU
	EndGlobalSection
	GlobalSection(ProjectConfigurationPlatforms) = postSolution
		{364AC3F4-8182-456D-B754-59C83B0AC353}.Debug|Any CPU.ActiveCfg = Debug|Any CPU
		{364AC3F4-8182-456D-B754-59C83B0AC353}.Debug|Any CPU.Build.0 = Debug|Any CPU
		{364AC3F4-8182-456D-B754-59C83B0AC353}.Release|Any CPU.ActiveCfg = Release|Any CPU
		{364AC3F4-8182-456D-B754-59C83B0AC353}.Release|Any CPU.Build.0 = Release|Any CPU
		{742214C0-CBC9-4E06-8205-297A3EAE61B8}.Debug|Any CPU.ActiveCfg = Debug|Any CPU
		{742214C0-CBC9-4E06-8205-297A3EAE61B8}.Debug|Any CPU.Build.0 = Debug|Any CPU
		{742214C0-CBC9-4E06-8205-297A3EAE61B8}.Release|Any CPU.ActiveCfg = Release|Any CPU
		{742214C0-CBC9-4E06-8205-297A3EAE61B8}.Release|Any CPU.Build.0 = Release|Any CPU
	EndGlobalSection
	GlobalSection(SolutionProperties) = preSolution
		HideSolutionNode = FALSE
	EndGlobalSection
EndGlobal
