
Microsoft Visual Studio Solution File, Format Version 11.00
# Visual Studio 2010
Project("{FAE04EC0-301F-11D3-BF4B-00C04F79EFBC}") = "base-BDA", "base-BDA.csproj", "{364AC3F4-8182-456D-B754-59C83B0AC353}"
EndProject
Project("{FAE04EC0-301F-11D3-BF4B-00C04F79EFBC}") = "climate-generator", "..\climate-generator\climate-generator.csproj", "{046DA06A-B8FE-451B-B7FB-340CE6ECACAE}"
EndProject
Project("{FAE04EC0-301F-11D3-BF4B-00C04F79EFBC}") = "century-succession", "..\Century_Code\century-succession.csproj", "{651E102F-6FC1-4DB8-B384-3178E409AF2D}"
EndProject
Project("{FAE04EC0-301F-11D3-BF4B-00C04F79EFBC}") = "LANDIS-II Debug Console", "..\Debug_Console_rc3\LANDIS-II Debug Console.csproj", "{742214C0-CBC9-4E06-8205-297A3EAE61B8}"
EndProject
Global
	GlobalSection(SolutionConfigurationPlatforms) = preSolution
		Debug|Any CPU = Debug|Any CPU
		Release|Any CPU = Release|Any CPU
	EndGlobalSection
	GlobalSection(ProjectConfigurationPlatforms) = postSolution
		{364AC3F4-8182-456D-B754-59C83B0AC353}.Debug|Any CPU.ActiveCfg = Debug|Any CPU
		{364AC3F4-8182-456D-B754-59C83B0AC353}.Debug|Any CPU.Build.0 = Debug|Any CPU
		{364AC3F4-8182-456D-B754-59C83B0AC353}.Release|Any CPU.ActiveCfg = Release|Any CPU
		{364AC3F4-8182-456D-B754-59C83B0AC353}.Release|Any CPU.Build.0 = Release|Any CPU
		{046DA06A-B8FE-451B-B7FB-340CE6ECACAE}.Debug|Any CPU.ActiveCfg = Debug|Any CPU
		{046DA06A-B8FE-451B-B7FB-340CE6ECACAE}.Debug|Any CPU.Build.0 = Debug|Any CPU
		{046DA06A-B8FE-451B-B7FB-340CE6ECACAE}.Release|Any CPU.ActiveCfg = Release|Any CPU
		{046DA06A-B8FE-451B-B7FB-340CE6ECACAE}.Release|Any CPU.Build.0 = Release|Any CPU
		{651E102F-6FC1-4DB8-B384-3178E409AF2D}.Debug|Any CPU.ActiveCfg = Debug|Any CPU
		{651E102F-6FC1-4DB8-B384-3178E409AF2D}.Debug|Any CPU.Build.0 = Debug|Any CPU
		{651E102F-6FC1-4DB8-B384-3178E409AF2D}.Release|Any CPU.ActiveCfg = Release|Any CPU
		{651E102F-6FC1-4DB8-B384-3178E409AF2D}.Release|Any CPU.Build.0 = Release|Any CPU
		{742214C0-CBC9-4E06-8205-297A3EAE61B8}.Debug|Any CPU.ActiveCfg = Debug|Any CPU
		{742214C0-CBC9-4E06-8205-297A3EAE61B8}.Debug|Any CPU.Build.0 = Debug|Any CPU
		{742214C0-CBC9-4E06-8205-297A3EAE61B8}.Release|Any CPU.ActiveCfg = Release|Any CPU
		{742214C0-CBC9-4E06-8205-297A3EAE61B8}.Release|Any CPU.Build.0 = Release|Any CPU
	EndGlobalSection
	GlobalSection(SolutionProperties) = preSolution
		HideSolutionNode = FALSE
	EndGlobalSection
EndGlobal
