
Microsoft Visual Studio Solution File, Format Version 11.00
# Visual C# Express 2010
Project("{FAE04EC0-301F-11D3-BF4B-00C04F79EFBC}") = "BaseBDA", "BaseBDA.csproj", "{364AC3F4-8182-456D-B754-59C83B0AC353}"
EndProject
Global
	GlobalSection(SolutionConfigurationPlatforms) = preSolution
		Debug|Any CPU = Debug|Any CPU
		Release|Any CPU = Release|Any CPU
	EndGlobalSection
	GlobalSection(ProjectConfigurationPlatforms) = postSolution
		{364AC3F4-8182-456D-B754-59C83B0AC353}.Debug|Any CPU.ActiveCfg = Debug|Any CPU
		{364AC3F4-8182-456D-B754-59C83B0AC353}.Debug|Any CPU.Build.0 = Debug|Any CPU
		{364AC3F4-8182-456D-B754-59C83B0AC353}.Release|Any CPU.ActiveCfg = Release|Any CPU
		{364AC3F4-8182-456D-B754-59C83B0AC353}.Release|Any CPU.Build.0 = Release|Any CPU
	EndGlobalSection
	GlobalSection(SolutionProperties) = preSolution
		HideSolutionNode = FALSE
	EndGlobalSection
EndGlobal
