
Microsoft Visual Studio Solution File, Format Version 12.00
# Visual Studio 15
VisualStudioVersion = 15.0.27703.2042
MinimumVisualStudioVersion = 10.0.40219.1
Project("{9A19103F-16F7-4668-BE54-9A1E7A4F7556}") = "biomass-BDA", "biomass-BDA.csproj", "{FC4B7EB4-B21C-4D89-A9BB-8F94138FF399}"
EndProject
Global
	GlobalSection(SolutionConfigurationPlatforms) = preSolution
		Debug|Any CPU = Debug|Any CPU
		Release|Any CPU = Release|Any CPU
	EndGlobalSection
	GlobalSection(ProjectConfigurationPlatforms) = postSolution
		{FC4B7EB4-B21C-4D89-A9BB-8F94138FF399}.Debug|Any CPU.ActiveCfg = Debug|Any CPU
		{FC4B7EB4-B21C-4D89-A9BB-8F94138FF399}.Debug|Any CPU.Build.0 = Debug|Any CPU
		{FC4B7EB4-B21C-4D89-A9BB-8F94138FF399}.Release|Any CPU.ActiveCfg = Release|Any CPU
		{FC4B7EB4-B21C-4D89-A9BB-8F94138FF399}.Release|Any CPU.Build.0 = Release|Any CPU
	EndGlobalSection
	GlobalSection(SolutionProperties) = preSolution
		HideSolutionNode = FALSE
	EndGlobalSection
	GlobalSection(ExtensibilityGlobals) = postSolution
		SolutionGuid = {CF83188C-18C8-455F-B860-33824F13E0CC}
	EndGlobalSection
EndGlobal
